PODS:
  - lottie-ios (4.4.3)
  - netfox (1.21.0)
  - Sentry (8.26.0):
    - Sentry/Core (= 8.26.0)
  - Sentry/Core (8.26.0)
  - SmileID (10.2.0):
    - lottie-ios (~> 4.4.2)
    - Zip (~> 2.1.0)
  - SwiftLint (0.55.1)
  - Zip (2.1.2)

DEPENDENCIES:
  - netfox
  - Sentry
  - SmileID (from `../`)
  - SwiftLint

SPEC REPOS:
  trunk:
    - lottie-ios
    - netfox
    - Sentry
    - SwiftLint
    - Zip

EXTERNAL SOURCES:
  SmileID:
    :path: "../"

SPEC CHECKSUMS:
  lottie-ios: fcb5e73e17ba4c983140b7d21095c834b3087418
  netfox: 9d5cc727fe7576c4c7688a2504618a156b7d44b7
  Sentry: 74a073c71c998117edb08f56f443c83570a31bed
  SmileID: bfcd426e9a47560eb949c18591ad032a8d8cde0d
  SwiftLint: 3fe909719babe5537c552ee8181c0031392be933
  Zip: b3fef584b147b6e582b2256a9815c897d60ddc67

PODFILE CHECKSUM: 8f7be2cf75babf479684f1e21d344f4c640486be

COCOAPODS: 1.15.2
