PODS:
  - netfox (1.21.0)
  - SmileID (0.0.0):
    - Zip (~> 2.1.0)
  - Zip (2.1.2)

DEPENDENCIES:
  - netfox
  - SmileID (from `../`)

SPEC REPOS:
  trunk:
    - netfox
    - Zip

EXTERNAL SOURCES:
  SmileID:
    :path: "../"

SPEC CHECKSUMS:
  netfox: 9d5cc727fe7576c4c7688a2504618a156b7d44b7
  SmileID: 7b420ada34a4a99bc8f27a62e617f0aebbefd537
  Zip: b3fef584b147b6e582b2256a9815c897d60ddc67

PODFILE CHECKSUM: 66e61a21462c84e789d7abe4b205e643fd97e9f5

COCOAPODS: 1.12.1
