{
  "pins" : [
    {
      "identity" : "fingerprintjs-ios",
      "kind" : "remoteSourceControl",
      "location" : "https://github.com/fingerprintjs/fingerprintjs-ios",
      "state" : {
        "revision" : "2e2ead3d02c46736d9b4a66373700489113e293a",
        "version" : "1.6.0"
      }
    },
    {
      "identity" : "lottie-spm",
      "kind" : "remoteSourceControl",
      "location" : "https://github.com/airbnb/lottie-spm",
      "state" : {
        "revision" : "04f2fd18cc9404a0a0917265a449002674f24ec9",
        "version" : "4.5.2"
      }
    },
    {
      "identity" : "sentry-cocoa",
      "kind" : "remoteSourceControl",
      "location" : "https://github.com/getsentry/sentry-cocoa",
      "state" : {
        "revision" : "3365d74b0ac74a10c87f41a1229526b3ba97a460",
        "version" : "8.56.0"
      }
    },
    {
      "identity" : "smile-id-security",
      "kind" : "remoteSourceControl",
      "location" : "https://github.com/smileidentity/smile-id-security",
      "state" : {
        "revision" : "96c77a7ca477b008ca1c57fc46d623387f8f42da",
        "version" : "11.1.1"
      }
    },
    {
      "identity" : "swifttasksvision",
      "kind" : "remoteSourceControl",
      "location" : "https://github.com/paescebu/SwiftTasksVision",
      "state" : {
        "branch" : "main",
        "revision" : "2cba94cf7d38ace98e32dc08d1de7a6895f05057"
      }
    },
    {
      "identity" : "zipfoundation",
      "kind" : "remoteSourceControl",
      "location" : "https://github.com/weichsel/ZIPFoundation.git",
      "state" : {
        "revision" : "02b6abe5f6eef7e3cbd5f247c5cc24e246efcfe0",
        "version" : "0.9.19"
      }
    }
  ],
  "version" : 2
}
