// !$*UTF8*$!
{
	archiveVersion = 1;
	classes = {
	};
	objectVersion = 46;
	objects = {

/* Begin PBXBuildFile section */
		0499F8082970560F0EB3B0FB /* Pods_SmileID_Example.framework in Frameworks */ = {isa = PBXBuildFile; fileRef = CB9672F4E61EFD2E0BE586D2 /* Pods_SmileID_Example.framework */; };
		1E59E33E2BA1E64C00D2BAD2 /* PartnerParamsTests.swift in Sources */ = {isa = PBXBuildFile; fileRef = 1E59E33D2BA1E64C00D2BAD2 /* PartnerParamsTests.swift */; };
		1E60ED372A29C306002695FF /* HomeViewController.swift in Sources */ = {isa = PBXBuildFile; fileRef = 1E60ED322A29C306002695FF /* HomeViewController.swift */; };
		1E60ED382A29C306002695FF /* Constants.swift in Sources */ = {isa = PBXBuildFile; fileRef = 1E60ED332A29C306002695FF /* Constants.swift */; };
		1E60ED3A2A29C306002695FF /* AppDelegate.swift in Sources */ = {isa = PBXBuildFile; fileRef = 1E60ED352A29C306002695FF /* AppDelegate.swift */; };
		1E60ED3B2A29C306002695FF /* CopyableLabel.swift in Sources */ = {isa = PBXBuildFile; fileRef = 1E60ED362A29C306002695FF /* CopyableLabel.swift */; };
		1EA026BC2B63F3390039B08D /* NetworkMonitor.swift in Sources */ = {isa = PBXBuildFile; fileRef = 1EA026BB2B63F3390039B08D /* NetworkMonitor.swift */; };
		1ECAE3872A2F69CD00653FCA /* ToastView.swift in Sources */ = {isa = PBXBuildFile; fileRef = 1ECAE3862A2F69BC00653FCA /* ToastView.swift */; };
		1ED53F6A2A2F28590020BEFB /* HomeViewModel.swift in Sources */ = {isa = PBXBuildFile; fileRef = 1ED53F602A2F28590020BEFB /* HomeViewModel.swift */; };
		1ED53F6B2A2F28590020BEFB /* ProductCell.swift in Sources */ = {isa = PBXBuildFile; fileRef = 1ED53F612A2F28590020BEFB /* ProductCell.swift */; };
		1ED53F6C2A2F28590020BEFB /* RootView.swift in Sources */ = {isa = PBXBuildFile; fileRef = 1ED53F622A2F28590020BEFB /* RootView.swift */; };
		1ED53F6D2A2F28590020BEFB /* SmileTextField.swift in Sources */ = {isa = PBXBuildFile; fileRef = 1ED53F632A2F28590020BEFB /* SmileTextField.swift */; };
		1ED53F6E2A2F28590020BEFB /* ResourcesView.swift in Sources */ = {isa = PBXBuildFile; fileRef = 1ED53F642A2F28590020BEFB /* ResourcesView.swift */; };
		1ED53F712A2F28590020BEFB /* EnterUserIDView.swift in Sources */ = {isa = PBXBuildFile; fileRef = 1ED53F672A2F28590020BEFB /* EnterUserIDView.swift */; };
		1ED53F722A2F28590020BEFB /* SmileEnvironmentToggleButton.swift in Sources */ = {isa = PBXBuildFile; fileRef = 1ED53F682A2F28590020BEFB /* SmileEnvironmentToggleButton.swift */; };
		1ED53F732A2F28590020BEFB /* HomeView.swift in Sources */ = {isa = PBXBuildFile; fileRef = 1ED53F692A2F28590020BEFB /* HomeView.swift */; };
		1EFAB3172A375265008E3C13 /* Images.xcassets in Resources */ = {isa = PBXBuildFile; fileRef = 607FACDC1AFB9204008FA782 /* Images.xcassets */; };
		20057C102E155C760088D9C1 /* SceneDelegate.swift in Sources */ = {isa = PBXBuildFile; fileRef = 20057C0F2E155C760088D9C1 /* SceneDelegate.swift */; };
		20343AED2C1C825D003536F5 /* JobsView.swift in Sources */ = {isa = PBXBuildFile; fileRef = 20343AEC2C1C825D003536F5 /* JobsView.swift */; };
		20343AEF2C206BDF003536F5 /* JobListItem.swift in Sources */ = {isa = PBXBuildFile; fileRef = 20343AEE2C206BDF003536F5 /* JobListItem.swift */; };
		20343AF22C206CEC003536F5 /* JobData.swift in Sources */ = {isa = PBXBuildFile; fileRef = 20343AF12C206CEC003536F5 /* JobData.swift */; };
		20343AFA2C2086D3003536F5 /* EmptyStateView.swift in Sources */ = {isa = PBXBuildFile; fileRef = 20343AF92C2086D3003536F5 /* EmptyStateView.swift */; };
		20456EC82D425A3C0085F906 /* DocumentVerificationDetails.swift in Sources */ = {isa = PBXBuildFile; fileRef = 20456EC72D425A3C0085F906 /* DocumentVerificationDetails.swift */; };
		20456ECA2D425A680085F906 /* DocumentVerificationView.swift in Sources */ = {isa = PBXBuildFile; fileRef = 20456EC92D425A680085F906 /* DocumentVerificationView.swift */; };
		20456ECC2D425B270085F906 /* DocumentVerificationWithSelector.swift in Sources */ = {isa = PBXBuildFile; fileRef = 20456ECB2D425B270085F906 /* DocumentVerificationWithSelector.swift */; };
		20456ECE2D425BB80085F906 /* EnhancedDocumentVerificationWithSelector.swift in Sources */ = {isa = PBXBuildFile; fileRef = 20456ECD2D425BB80085F906 /* EnhancedDocumentVerificationWithSelector.swift */; };
		204C95A12CDA455600A07386 /* FaceValidatorTests.swift in Sources */ = {isa = PBXBuildFile; fileRef = 204C95A02CDA455600A07386 /* FaceValidatorTests.swift */; };
		205FB4A52C29AF1500FDE64F /* Date+Extensions.swift in Sources */ = {isa = PBXBuildFile; fileRef = 205FB4A42C29AF1500FDE64F /* Date+Extensions.swift */; };
		205FB4A72C2C32A500FDE64F /* JobItemModel.swift in Sources */ = {isa = PBXBuildFile; fileRef = 205FB4A62C2C32A500FDE64F /* JobItemModel.swift */; };
		2089720E2C2624EE00D07D68 /* DataStoreClient.swift in Sources */ = {isa = PBXBuildFile; fileRef = 2089720D2C2624EE00D07D68 /* DataStoreClient.swift */; };
		208972102C26253E00D07D68 /* JobsViewModel.swift in Sources */ = {isa = PBXBuildFile; fileRef = 2089720F2C26253E00D07D68 /* JobsViewModel.swift */; };
		20969FE52C3FEB530003E5E0 /* IndeterminateProgressView.swift in Sources */ = {isa = PBXBuildFile; fileRef = 20969FE42C3FEB530003E5E0 /* IndeterminateProgressView.swift */; };
		20A07F9E2C3D172B001659CD /* String+Extensions.swift in Sources */ = {isa = PBXBuildFile; fileRef = 20A07F9D2C3D172B001659CD /* String+Extensions.swift */; };
		20A5312C2D47ACC100EE0E42 /* SmileIDProduct.swift in Sources */ = {isa = PBXBuildFile; fileRef = 20A5312B2D47ACC100EE0E42 /* SmileIDProduct.swift */; };
		20B6D5E32C21C3C90023D51C /* Job.swift in Sources */ = {isa = PBXBuildFile; fileRef = 20B6D5E12C21C3C90023D51C /* Job.swift */; };
		20B6D5EA2C21CA9E0023D51C /* CoreDataManager.swift in Sources */ = {isa = PBXBuildFile; fileRef = 20B6D5E92C21CA9E0023D51C /* CoreDataManager.swift */; };
		20B6D5EC2C21CE660023D51C /* DataStoreError.swift in Sources */ = {isa = PBXBuildFile; fileRef = 20B6D5EB2C21CE660023D51C /* DataStoreError.swift */; };
		20C360C82C454C130008DBDE /* RootViewModel.swift in Sources */ = {isa = PBXBuildFile; fileRef = 20C360C72C454C130008DBDE /* RootViewModel.swift */; };
		20DFA0EC2C21917100AC2AE7 /* View+TextSelection.swift in Sources */ = {isa = PBXBuildFile; fileRef = 20DFA0EB2C21917100AC2AE7 /* View+TextSelection.swift */; };
		20F3D6F32C25F4D700B32751 /* BuildFile in Sources */ = {isa = PBXBuildFile; };
		20F3D6F62C25F5C100B32751 /* SmileID.xcdatamodeld in Sources */ = {isa = PBXBuildFile; fileRef = 20F3D6F42C25F5C100B32751 /* SmileID.xcdatamodeld */; };
		5829A8C02BC7429A001C1E7E /* PrivacyInfo.xcprivacy in Resources */ = {isa = PBXBuildFile; fileRef = 5829A8BF2BC7429A001C1E7E /* PrivacyInfo.xcprivacy */; };
		585BE4882AC7748E0091DDD8 /* RestartableTimerTest.swift in Sources */ = {isa = PBXBuildFile; fileRef = 585BE4872AC7748E0091DDD8 /* RestartableTimerTest.swift */; };
		58C5F1D82B05925800A6080C /* BiometricKycWithIdInputScreen.swift in Sources */ = {isa = PBXBuildFile; fileRef = 58C5F1D72B05925800A6080C /* BiometricKycWithIdInputScreen.swift */; };
		58C7118C2A69DE920062BBFB /* EnhancedKycTest.swift in Sources */ = {isa = PBXBuildFile; fileRef = 58C7118B2A69DE920062BBFB /* EnhancedKycTest.swift */; };
		607FACDB1AFB9204008FA782 /* Main.storyboard in Resources */ = {isa = PBXBuildFile; fileRef = 607FACD91AFB9204008FA782 /* Main.storyboard */; };
		607FACE01AFB9204008FA782 /* LaunchScreen.xib in Resources */ = {isa = PBXBuildFile; fileRef = 607FACDE1AFB9204008FA782 /* LaunchScreen.xib */; };
		620F1E982B69194900185CD2 /* AlertView.swift in Sources */ = {isa = PBXBuildFile; fileRef = 620F1E972B69194900185CD2 /* AlertView.swift */; };
		620F1E9A2B691ABB00185CD2 /* BuildFile in Resources */ = {isa = PBXBuildFile; };
		624777D02B0CDC9F00952842 /* EnhancedKycWithIdInputScreen.swift in Sources */ = {isa = PBXBuildFile; fileRef = 624777CF2B0CDC9F00952842 /* EnhancedKycWithIdInputScreen.swift */; };
		62F6766F2B0D173600417419 /* EnhancedKycWithIdInputScreenViewModel.swift in Sources */ = {isa = PBXBuildFile; fileRef = 62F6766E2B0D173600417419 /* EnhancedKycWithIdInputScreenViewModel.swift */; };
		62F676712B0E00E800417419 /* EnhancedKycResultDelegate.swift in Sources */ = {isa = PBXBuildFile; fileRef = 62F676702B0E00E800417419 /* EnhancedKycResultDelegate.swift */; };
		6AC9802B9D1A630961B5454B /* CodeScanner.swift in Sources */ = {isa = PBXBuildFile; fileRef = 6AC98436935FFEA40E632182 /* CodeScanner.swift */; };
		6AC983F056A8F9088D6CF3F7 /* SettingsView.swift in Sources */ = {isa = PBXBuildFile; fileRef = 6AC982147640002B81F72DEC /* SettingsView.swift */; };
		6AC984526F49F4E8F52C7494 /* ScannerViewController.swift in Sources */ = {isa = PBXBuildFile; fileRef = 6AC98BA00298258573CBCBD4 /* ScannerViewController.swift */; };
		6AC984F8CA1753050C98F14B /* IdInfoInputViewModel.swift in Sources */ = {isa = PBXBuildFile; fileRef = 6AC987C6B5794E2B1241AA51 /* IdInfoInputViewModel.swift */; };
		6AC9870BB28E40FCACC75947 /* DocumentVerificationIdTypeSelector.swift in Sources */ = {isa = PBXBuildFile; fileRef = 6AC9868BCF06ECE5F65DF248 /* DocumentVerificationIdTypeSelector.swift */; };
		6AC98856053013D0E8ABB188 /* WelcomeScreen.swift in Sources */ = {isa = PBXBuildFile; fileRef = 6AC982F34F80CAE1AA5569AB /* WelcomeScreen.swift */; };
		6AC9886EEE4DE8AE1A31896A /* IdInfoInputScreen.swift in Sources */ = {isa = PBXBuildFile; fileRef = 6AC980D3CB9C357AD1B13D80 /* IdInfoInputScreen.swift */; };
		6AC98976E04EBF5C45A2E857 /* BiometricKycWithIdInputScreenViewModel.swift in Sources */ = {isa = PBXBuildFile; fileRef = 6AC988EEBD0EAB45DC9AC13B /* BiometricKycWithIdInputScreenViewModel.swift */; };
		6AC98990097662789B0107EB /* SettingsViewModel.swift in Sources */ = {isa = PBXBuildFile; fileRef = 6AC98BC49871655D87C7DEE3 /* SettingsViewModel.swift */; };
		6AC98B6FFA753C5463F7216F /* SmileConfigEntryView.swift in Sources */ = {isa = PBXBuildFile; fileRef = 6AC984E484EEF69069C705C7 /* SmileConfigEntryView.swift */; };
		6AC98C0E9305B4B3EB66ED35 /* Util.swift in Sources */ = {isa = PBXBuildFile; fileRef = 6AC980584C522B17A099E098 /* Util.swift */; };
		6AC98F5682012E19C815AE70 /* DocumentSelectorViewModel.swift in Sources */ = {isa = PBXBuildFile; fileRef = 6AC9893915EBA33F6984A6D9 /* DocumentSelectorViewModel.swift */; };
		918321EA2A52E36A00D6FB7F /* URLSessionRestServiceClientTests.swift in Sources */ = {isa = PBXBuildFile; fileRef = 918321E02A52E36A00D6FB7F /* URLSessionRestServiceClientTests.swift */; };
		918321EB2A52E36A00D6FB7F /* XCTestExtension.swift in Sources */ = {isa = PBXBuildFile; fileRef = 918321E12A52E36A00D6FB7F /* XCTestExtension.swift */; };
		918321EC2A52E36A00D6FB7F /* DependencyContainerTests.swift in Sources */ = {isa = PBXBuildFile; fileRef = 918321E32A52E36A00D6FB7F /* DependencyContainerTests.swift */; };
		918321ED2A52E36A00D6FB7F /* BaseTestCase.swift in Sources */ = {isa = PBXBuildFile; fileRef = 918321E42A52E36A00D6FB7F /* BaseTestCase.swift */; };
		918321EE2A52E36A00D6FB7F /* NetworkingMocks.swift in Sources */ = {isa = PBXBuildFile; fileRef = 918321E62A52E36A00D6FB7F /* NetworkingMocks.swift */; };
		91CB21A52AC10C61005AEBF5 /* NavigationBar.swift in Sources */ = {isa = PBXBuildFile; fileRef = 91CB21A42AC10C61005AEBF5 /* NavigationBar.swift */; };
		91D9FBC42AB481FE00A8D36B /* PollingTests.swift in Sources */ = {isa = PBXBuildFile; fileRef = 91D9FBC32AB481FE00A8D36B /* PollingTests.swift */; };
		91D9FBD52AB8AB4700A8D36B /* CalculateSignatureTests.swift in Sources */ = {isa = PBXBuildFile; fileRef = 91D9FBD42AB8AB4700A8D36B /* CalculateSignatureTests.swift */; };
		E7464710AE95CF2365762DF6 /* Pods_SmileID_Tests.framework in Frameworks */ = {isa = PBXBuildFile; fileRef = FE26CDF1725DB73D242306C4 /* Pods_SmileID_Tests.framework */; };
/* End PBXBuildFile section */

/* Begin PBXContainerItemProxy section */
		607FACE61AFB9204008FA782 /* PBXContainerItemProxy */ = {
			isa = PBXContainerItemProxy;
			containerPortal = 607FACC81AFB9204008FA782 /* Project object */;
			proxyType = 1;
			remoteGlobalIDString = 607FACCF1AFB9204008FA782;
			remoteInfo = SmileID;
		};
/* End PBXContainerItemProxy section */

/* Begin PBXFileReference section */
		0FA38531DFF4D2422763FB54 /* Pods-SmileID_Tests.debug.xcconfig */ = {isa = PBXFileReference; includeInIndex = 1; lastKnownFileType = text.xcconfig; name = "Pods-SmileID_Tests.debug.xcconfig"; path = "Target Support Files/Pods-SmileID_Tests/Pods-SmileID_Tests.debug.xcconfig"; sourceTree = "<group>"; };
		1E59E33D2BA1E64C00D2BAD2 /* PartnerParamsTests.swift */ = {isa = PBXFileReference; lastKnownFileType = sourcecode.swift; path = PartnerParamsTests.swift; sourceTree = "<group>"; };
		1E60ED322A29C306002695FF /* HomeViewController.swift */ = {isa = PBXFileReference; fileEncoding = 4; lastKnownFileType = sourcecode.swift; path = HomeViewController.swift; sourceTree = "<group>"; };
		1E60ED332A29C306002695FF /* Constants.swift */ = {isa = PBXFileReference; fileEncoding = 4; lastKnownFileType = sourcecode.swift; path = Constants.swift; sourceTree = "<group>"; };
		1E60ED352A29C306002695FF /* AppDelegate.swift */ = {isa = PBXFileReference; fileEncoding = 4; lastKnownFileType = sourcecode.swift; path = AppDelegate.swift; sourceTree = "<group>"; };
		1E60ED362A29C306002695FF /* CopyableLabel.swift */ = {isa = PBXFileReference; fileEncoding = 4; lastKnownFileType = sourcecode.swift; path = CopyableLabel.swift; sourceTree = "<group>"; };
		1EA026BB2B63F3390039B08D /* NetworkMonitor.swift */ = {isa = PBXFileReference; fileEncoding = 4; lastKnownFileType = sourcecode.swift; path = NetworkMonitor.swift; sourceTree = "<group>"; };
		1ECAE3862A2F69BC00653FCA /* ToastView.swift */ = {isa = PBXFileReference; lastKnownFileType = sourcecode.swift; path = ToastView.swift; sourceTree = "<group>"; };
		1ED53F602A2F28590020BEFB /* HomeViewModel.swift */ = {isa = PBXFileReference; fileEncoding = 4; lastKnownFileType = sourcecode.swift; path = HomeViewModel.swift; sourceTree = "<group>"; };
		1ED53F612A2F28590020BEFB /* ProductCell.swift */ = {isa = PBXFileReference; fileEncoding = 4; lastKnownFileType = sourcecode.swift; path = ProductCell.swift; sourceTree = "<group>"; };
		1ED53F622A2F28590020BEFB /* RootView.swift */ = {isa = PBXFileReference; fileEncoding = 4; lastKnownFileType = sourcecode.swift; path = RootView.swift; sourceTree = "<group>"; };
		1ED53F632A2F28590020BEFB /* SmileTextField.swift */ = {isa = PBXFileReference; fileEncoding = 4; lastKnownFileType = sourcecode.swift; path = SmileTextField.swift; sourceTree = "<group>"; };
		1ED53F642A2F28590020BEFB /* ResourcesView.swift */ = {isa = PBXFileReference; fileEncoding = 4; lastKnownFileType = sourcecode.swift; path = ResourcesView.swift; sourceTree = "<group>"; };
		1ED53F672A2F28590020BEFB /* EnterUserIDView.swift */ = {isa = PBXFileReference; fileEncoding = 4; lastKnownFileType = sourcecode.swift; path = EnterUserIDView.swift; sourceTree = "<group>"; };
		1ED53F682A2F28590020BEFB /* SmileEnvironmentToggleButton.swift */ = {isa = PBXFileReference; fileEncoding = 4; lastKnownFileType = sourcecode.swift; path = SmileEnvironmentToggleButton.swift; sourceTree = "<group>"; };
		1ED53F692A2F28590020BEFB /* HomeView.swift */ = {isa = PBXFileReference; fileEncoding = 4; lastKnownFileType = sourcecode.swift; path = HomeView.swift; sourceTree = "<group>"; };
		20057C0F2E155C760088D9C1 /* SceneDelegate.swift */ = {isa = PBXFileReference; lastKnownFileType = sourcecode.swift; path = SceneDelegate.swift; sourceTree = "<group>"; };
		20343AEC2C1C825D003536F5 /* JobsView.swift */ = {isa = PBXFileReference; lastKnownFileType = sourcecode.swift; path = JobsView.swift; sourceTree = "<group>"; };
		20343AEE2C206BDF003536F5 /* JobListItem.swift */ = {isa = PBXFileReference; lastKnownFileType = sourcecode.swift; path = JobListItem.swift; sourceTree = "<group>"; };
		20343AF12C206CEC003536F5 /* JobData.swift */ = {isa = PBXFileReference; lastKnownFileType = sourcecode.swift; path = JobData.swift; sourceTree = "<group>"; };
		20343AF92C2086D3003536F5 /* EmptyStateView.swift */ = {isa = PBXFileReference; lastKnownFileType = sourcecode.swift; path = EmptyStateView.swift; sourceTree = "<group>"; };
		20456EC72D425A3C0085F906 /* DocumentVerificationDetails.swift */ = {isa = PBXFileReference; lastKnownFileType = sourcecode.swift; path = DocumentVerificationDetails.swift; sourceTree = "<group>"; };
		20456EC92D425A680085F906 /* DocumentVerificationView.swift */ = {isa = PBXFileReference; lastKnownFileType = sourcecode.swift; path = DocumentVerificationView.swift; sourceTree = "<group>"; };
		20456ECB2D425B270085F906 /* DocumentVerificationWithSelector.swift */ = {isa = PBXFileReference; lastKnownFileType = sourcecode.swift; path = DocumentVerificationWithSelector.swift; sourceTree = "<group>"; };
		20456ECD2D425BB80085F906 /* EnhancedDocumentVerificationWithSelector.swift */ = {isa = PBXFileReference; lastKnownFileType = sourcecode.swift; path = EnhancedDocumentVerificationWithSelector.swift; sourceTree = "<group>"; };
		204C95A02CDA455600A07386 /* FaceValidatorTests.swift */ = {isa = PBXFileReference; lastKnownFileType = sourcecode.swift; path = FaceValidatorTests.swift; sourceTree = "<group>"; };
		205FB4A42C29AF1500FDE64F /* Date+Extensions.swift */ = {isa = PBXFileReference; lastKnownFileType = sourcecode.swift; path = "Date+Extensions.swift"; sourceTree = "<group>"; };
		205FB4A62C2C32A500FDE64F /* JobItemModel.swift */ = {isa = PBXFileReference; lastKnownFileType = sourcecode.swift; path = JobItemModel.swift; sourceTree = "<group>"; };
		2089720D2C2624EE00D07D68 /* DataStoreClient.swift */ = {isa = PBXFileReference; lastKnownFileType = sourcecode.swift; path = DataStoreClient.swift; sourceTree = "<group>"; };
		2089720F2C26253E00D07D68 /* JobsViewModel.swift */ = {isa = PBXFileReference; lastKnownFileType = sourcecode.swift; path = JobsViewModel.swift; sourceTree = "<group>"; };
		20969FE42C3FEB530003E5E0 /* IndeterminateProgressView.swift */ = {isa = PBXFileReference; lastKnownFileType = sourcecode.swift; path = IndeterminateProgressView.swift; sourceTree = "<group>"; };
		20A07F9D2C3D172B001659CD /* String+Extensions.swift */ = {isa = PBXFileReference; lastKnownFileType = sourcecode.swift; path = "String+Extensions.swift"; sourceTree = "<group>"; };
		20A5312B2D47ACC100EE0E42 /* SmileIDProduct.swift */ = {isa = PBXFileReference; lastKnownFileType = sourcecode.swift; path = SmileIDProduct.swift; sourceTree = "<group>"; };
		20B6D5E12C21C3C90023D51C /* Job.swift */ = {isa = PBXFileReference; lastKnownFileType = sourcecode.swift; path = Job.swift; sourceTree = "<group>"; };
		20B6D5E92C21CA9E0023D51C /* CoreDataManager.swift */ = {isa = PBXFileReference; lastKnownFileType = sourcecode.swift; path = CoreDataManager.swift; sourceTree = "<group>"; };
		20B6D5EB2C21CE660023D51C /* DataStoreError.swift */ = {isa = PBXFileReference; lastKnownFileType = sourcecode.swift; path = DataStoreError.swift; sourceTree = "<group>"; };
		20C360C72C454C130008DBDE /* RootViewModel.swift */ = {isa = PBXFileReference; lastKnownFileType = sourcecode.swift; path = RootViewModel.swift; sourceTree = "<group>"; };
		20DFA0EB2C21917100AC2AE7 /* View+TextSelection.swift */ = {isa = PBXFileReference; lastKnownFileType = sourcecode.swift; path = "View+TextSelection.swift"; sourceTree = "<group>"; };
		20F3D6F52C25F5C100B32751 /* SmileID.xcdatamodel */ = {isa = PBXFileReference; lastKnownFileType = wrapper.xcdatamodel; path = SmileID.xcdatamodel; sourceTree = "<group>"; };
		2511EE7AD00A24A8575B4585 /* Pods-SmileID_Example.release.xcconfig */ = {isa = PBXFileReference; includeInIndex = 1; lastKnownFileType = text.xcconfig; name = "Pods-SmileID_Example.release.xcconfig"; path = "Target Support Files/Pods-SmileID_Example/Pods-SmileID_Example.release.xcconfig"; sourceTree = "<group>"; };
		5829A8BF2BC7429A001C1E7E /* PrivacyInfo.xcprivacy */ = {isa = PBXFileReference; fileEncoding = 4; lastKnownFileType = text.xml; path = PrivacyInfo.xcprivacy; sourceTree = "<group>"; };
		585BE4872AC7748E0091DDD8 /* RestartableTimerTest.swift */ = {isa = PBXFileReference; lastKnownFileType = sourcecode.swift; path = RestartableTimerTest.swift; sourceTree = "<group>"; };
		58C5F1D72B05925800A6080C /* BiometricKycWithIdInputScreen.swift */ = {isa = PBXFileReference; lastKnownFileType = sourcecode.swift; path = BiometricKycWithIdInputScreen.swift; sourceTree = "<group>"; };
		58C7118B2A69DE920062BBFB /* EnhancedKycTest.swift */ = {isa = PBXFileReference; lastKnownFileType = sourcecode.swift; path = EnhancedKycTest.swift; sourceTree = "<group>"; };
		5ABEC752F93C2B88E8DED799 /* Pods-SmileID_Tests.release.xcconfig */ = {isa = PBXFileReference; includeInIndex = 1; lastKnownFileType = text.xcconfig; name = "Pods-SmileID_Tests.release.xcconfig"; path = "Target Support Files/Pods-SmileID_Tests/Pods-SmileID_Tests.release.xcconfig"; sourceTree = "<group>"; };
		607FACD01AFB9204008FA782 /* Smile ID.app */ = {isa = PBXFileReference; explicitFileType = wrapper.application; includeInIndex = 0; path = "Smile ID.app"; sourceTree = BUILT_PRODUCTS_DIR; };
		607FACD41AFB9204008FA782 /* Info.plist */ = {isa = PBXFileReference; lastKnownFileType = text.plist.xml; path = Info.plist; sourceTree = "<group>"; };
		607FACDA1AFB9204008FA782 /* Base */ = {isa = PBXFileReference; lastKnownFileType = file.storyboard; name = Base; path = Base.lproj/Main.storyboard; sourceTree = "<group>"; };
		607FACDC1AFB9204008FA782 /* Images.xcassets */ = {isa = PBXFileReference; lastKnownFileType = folder.assetcatalog; path = Images.xcassets; sourceTree = "<group>"; };
		607FACDF1AFB9204008FA782 /* Base */ = {isa = PBXFileReference; lastKnownFileType = file.xib; name = Base; path = Base.lproj/LaunchScreen.xib; sourceTree = "<group>"; };
		607FACE51AFB9204008FA782 /* SmileID_Tests.xctest */ = {isa = PBXFileReference; explicitFileType = wrapper.cfbundle; includeInIndex = 0; path = SmileID_Tests.xctest; sourceTree = BUILT_PRODUCTS_DIR; };
		607FACEA1AFB9204008FA782 /* Info.plist */ = {isa = PBXFileReference; lastKnownFileType = text.plist.xml; path = Info.plist; sourceTree = "<group>"; };
		620F1E972B69194900185CD2 /* AlertView.swift */ = {isa = PBXFileReference; lastKnownFileType = sourcecode.swift; path = AlertView.swift; sourceTree = "<group>"; };
		624777CF2B0CDC9F00952842 /* EnhancedKycWithIdInputScreen.swift */ = {isa = PBXFileReference; lastKnownFileType = sourcecode.swift; path = EnhancedKycWithIdInputScreen.swift; sourceTree = "<group>"; };
		62F6766E2B0D173600417419 /* EnhancedKycWithIdInputScreenViewModel.swift */ = {isa = PBXFileReference; lastKnownFileType = sourcecode.swift; path = EnhancedKycWithIdInputScreenViewModel.swift; sourceTree = "<group>"; };
		62F676702B0E00E800417419 /* EnhancedKycResultDelegate.swift */ = {isa = PBXFileReference; lastKnownFileType = sourcecode.swift; path = EnhancedKycResultDelegate.swift; sourceTree = "<group>"; };
		6AC980584C522B17A099E098 /* Util.swift */ = {isa = PBXFileReference; fileEncoding = 4; lastKnownFileType = sourcecode.swift; path = Util.swift; sourceTree = "<group>"; };
		6AC980D3CB9C357AD1B13D80 /* IdInfoInputScreen.swift */ = {isa = PBXFileReference; fileEncoding = 4; lastKnownFileType = sourcecode.swift; path = IdInfoInputScreen.swift; sourceTree = "<group>"; };
		6AC982147640002B81F72DEC /* SettingsView.swift */ = {isa = PBXFileReference; fileEncoding = 4; lastKnownFileType = sourcecode.swift; path = SettingsView.swift; sourceTree = "<group>"; };
		6AC982F34F80CAE1AA5569AB /* WelcomeScreen.swift */ = {isa = PBXFileReference; fileEncoding = 4; lastKnownFileType = sourcecode.swift; path = WelcomeScreen.swift; sourceTree = "<group>"; };
		6AC98436935FFEA40E632182 /* CodeScanner.swift */ = {isa = PBXFileReference; fileEncoding = 4; lastKnownFileType = sourcecode.swift; path = CodeScanner.swift; sourceTree = "<group>"; };
		6AC984E484EEF69069C705C7 /* SmileConfigEntryView.swift */ = {isa = PBXFileReference; fileEncoding = 4; lastKnownFileType = sourcecode.swift; path = SmileConfigEntryView.swift; sourceTree = "<group>"; };
		6AC9868BCF06ECE5F65DF248 /* DocumentVerificationIdTypeSelector.swift */ = {isa = PBXFileReference; fileEncoding = 4; lastKnownFileType = sourcecode.swift; path = DocumentVerificationIdTypeSelector.swift; sourceTree = "<group>"; };
		6AC987C6B5794E2B1241AA51 /* IdInfoInputViewModel.swift */ = {isa = PBXFileReference; fileEncoding = 4; lastKnownFileType = sourcecode.swift; path = IdInfoInputViewModel.swift; sourceTree = "<group>"; };
		6AC988EEBD0EAB45DC9AC13B /* BiometricKycWithIdInputScreenViewModel.swift */ = {isa = PBXFileReference; fileEncoding = 4; lastKnownFileType = sourcecode.swift; path = BiometricKycWithIdInputScreenViewModel.swift; sourceTree = "<group>"; };
		6AC9893915EBA33F6984A6D9 /* DocumentSelectorViewModel.swift */ = {isa = PBXFileReference; fileEncoding = 4; lastKnownFileType = sourcecode.swift; path = DocumentSelectorViewModel.swift; sourceTree = "<group>"; };
		6AC98BA00298258573CBCBD4 /* ScannerViewController.swift */ = {isa = PBXFileReference; fileEncoding = 4; lastKnownFileType = sourcecode.swift; path = ScannerViewController.swift; sourceTree = "<group>"; };
		6AC98BC49871655D87C7DEE3 /* SettingsViewModel.swift */ = {isa = PBXFileReference; fileEncoding = 4; lastKnownFileType = sourcecode.swift; path = SettingsViewModel.swift; sourceTree = "<group>"; };
		918321E02A52E36A00D6FB7F /* URLSessionRestServiceClientTests.swift */ = {isa = PBXFileReference; fileEncoding = 4; lastKnownFileType = sourcecode.swift; path = URLSessionRestServiceClientTests.swift; sourceTree = "<group>"; };
		918321E12A52E36A00D6FB7F /* XCTestExtension.swift */ = {isa = PBXFileReference; fileEncoding = 4; lastKnownFileType = sourcecode.swift; name = XCTestExtension.swift; path = ../../Tests/XCTestExtension.swift; sourceTree = "<group>"; };
		918321E32A52E36A00D6FB7F /* DependencyContainerTests.swift */ = {isa = PBXFileReference; fileEncoding = 4; lastKnownFileType = sourcecode.swift; path = DependencyContainerTests.swift; sourceTree = "<group>"; };
		918321E42A52E36A00D6FB7F /* BaseTestCase.swift */ = {isa = PBXFileReference; fileEncoding = 4; lastKnownFileType = sourcecode.swift; path = BaseTestCase.swift; sourceTree = "<group>"; };
		918321E62A52E36A00D6FB7F /* NetworkingMocks.swift */ = {isa = PBXFileReference; fileEncoding = 4; lastKnownFileType = sourcecode.swift; path = NetworkingMocks.swift; sourceTree = "<group>"; };
		91CB21A42AC10C61005AEBF5 /* NavigationBar.swift */ = {isa = PBXFileReference; lastKnownFileType = sourcecode.swift; path = NavigationBar.swift; sourceTree = "<group>"; };
		91D9FBC32AB481FE00A8D36B /* PollingTests.swift */ = {isa = PBXFileReference; lastKnownFileType = sourcecode.swift; path = PollingTests.swift; sourceTree = "<group>"; };
		91D9FBD42AB8AB4700A8D36B /* CalculateSignatureTests.swift */ = {isa = PBXFileReference; lastKnownFileType = sourcecode.swift; path = CalculateSignatureTests.swift; sourceTree = "<group>"; };
		94E7560A47E255DD8215C183 /* README.md */ = {isa = PBXFileReference; includeInIndex = 1; lastKnownFileType = net.daringfireball.markdown; name = README.md; path = ../README.md; sourceTree = "<group>"; };
		9755B6A19CF28DE212F24C83 /* SmileID.podspec */ = {isa = PBXFileReference; includeInIndex = 1; lastKnownFileType = text; name = SmileID.podspec; path = ../SmileID.podspec; sourceTree = "<group>"; };
		C33E410576AADC1679867B4C /* Pods-SmileID_Example.debug.xcconfig */ = {isa = PBXFileReference; includeInIndex = 1; lastKnownFileType = text.xcconfig; name = "Pods-SmileID_Example.debug.xcconfig"; path = "Target Support Files/Pods-SmileID_Example/Pods-SmileID_Example.debug.xcconfig"; sourceTree = "<group>"; };
		C8CD2E3DB817D8C6334E9240 /* LICENSE */ = {isa = PBXFileReference; includeInIndex = 1; lastKnownFileType = text; name = LICENSE; path = ../LICENSE; sourceTree = "<group>"; };
		CB9672F4E61EFD2E0BE586D2 /* Pods_SmileID_Example.framework */ = {isa = PBXFileReference; explicitFileType = wrapper.framework; includeInIndex = 0; path = Pods_SmileID_Example.framework; sourceTree = BUILT_PRODUCTS_DIR; };
		FE26CDF1725DB73D242306C4 /* Pods_SmileID_Tests.framework */ = {isa = PBXFileReference; explicitFileType = wrapper.framework; includeInIndex = 0; path = Pods_SmileID_Tests.framework; sourceTree = BUILT_PRODUCTS_DIR; };
/* End PBXFileReference section */

/* Begin PBXFrameworksBuildPhase section */
		607FACCD1AFB9204008FA782 /* Frameworks */ = {
			isa = PBXFrameworksBuildPhase;
			buildActionMask = 2147483647;
			files = (
				0499F8082970560F0EB3B0FB /* Pods_SmileID_Example.framework in Frameworks */,
			);
			runOnlyForDeploymentPostprocessing = 0;
		};
		607FACE21AFB9204008FA782 /* Frameworks */ = {
			isa = PBXFrameworksBuildPhase;
			buildActionMask = 2147483647;
			files = (
				E7464710AE95CF2365762DF6 /* Pods_SmileID_Tests.framework in Frameworks */,
			);
			runOnlyForDeploymentPostprocessing = 0;
		};
/* End PBXFrameworksBuildPhase section */

/* Begin PBXGroup section */
		1E59E33C2BA1E5BF00D2BAD2 /* Model */ = {
			isa = PBXGroup;
			children = (
				1E59E33D2BA1E64C00D2BAD2 /* PartnerParamsTests.swift */,
			);
			path = Model;
			sourceTree = "<group>";
		};
		20343AF02C206C8D003536F5 /* Models */ = {
			isa = PBXGroup;
			children = (
				20F3D6F42C25F5C100B32751 /* SmileID.xcdatamodeld */,
				20B6D5E12C21C3C90023D51C /* Job.swift */,
				20343AF12C206CEC003536F5 /* JobData.swift */,
				20B6D5E92C21CA9E0023D51C /* CoreDataManager.swift */,
				20B6D5EB2C21CE660023D51C /* DataStoreError.swift */,
				2089720D2C2624EE00D07D68 /* DataStoreClient.swift */,
			);
			path = Models;
			sourceTree = "<group>";
		};
		20343AF32C207917003536F5 /* Jobs */ = {
			isa = PBXGroup;
			children = (
				20343AEE2C206BDF003536F5 /* JobListItem.swift */,
				205FB4A62C2C32A500FDE64F /* JobItemModel.swift */,
				20343AEC2C1C825D003536F5 /* JobsView.swift */,
				2089720F2C26253E00D07D68 /* JobsViewModel.swift */,
			);
			path = Jobs;
			sourceTree = "<group>";
		};
		20343AFB2C2089AA003536F5 /* Components */ = {
			isa = PBXGroup;
			children = (
				1ED53F682A2F28590020BEFB /* SmileEnvironmentToggleButton.swift */,
				1E60ED362A29C306002695FF /* CopyableLabel.swift */,
				620F1E972B69194900185CD2 /* AlertView.swift */,
				91CB21A42AC10C61005AEBF5 /* NavigationBar.swift */,
				1ECAE3862A2F69BC00653FCA /* ToastView.swift */,
				1ED53F632A2F28590020BEFB /* SmileTextField.swift */,
				20343AF92C2086D3003536F5 /* EmptyStateView.swift */,
				20969FE42C3FEB530003E5E0 /* IndeterminateProgressView.swift */,
			);
			path = Components;
			sourceTree = "<group>";
		};
		20456EC62D425A1D0085F906 /* DocumentVerification */ = {
			isa = PBXGroup;
			children = (
				20456EC72D425A3C0085F906 /* DocumentVerificationDetails.swift */,
				20456EC92D425A680085F906 /* DocumentVerificationView.swift */,
				20456ECB2D425B270085F906 /* DocumentVerificationWithSelector.swift */,
				20456ECD2D425BB80085F906 /* EnhancedDocumentVerificationWithSelector.swift */,
			);
			path = DocumentVerification;
			sourceTree = "<group>";
		};
		20B6D5D72C21B65B0023D51C /* Resources */ = {
			isa = PBXGroup;
			children = (
				607FACDC1AFB9204008FA782 /* Images.xcassets */,
			);
			path = Resources;
			sourceTree = "<group>";
		};
		20B6D5D82C21B6F40023D51C /* Home */ = {
			isa = PBXGroup;
			children = (
				1ED53F612A2F28590020BEFB /* ProductCell.swift */,
				1ED53F602A2F28590020BEFB /* HomeViewModel.swift */,
				1ED53F692A2F28590020BEFB /* HomeView.swift */,
				1E60ED322A29C306002695FF /* HomeViewController.swift */,
				20A5312B2D47ACC100EE0E42 /* SmileIDProduct.swift */,
			);
			path = Home;
			sourceTree = "<group>";
		};
		20B6D5D92C21B6FF0023D51C /* App */ = {
			isa = PBXGroup;
			children = (
				1ED53F622A2F28590020BEFB /* RootView.swift */,
				20C360C72C454C130008DBDE /* RootViewModel.swift */,
				1E60ED352A29C306002695FF /* AppDelegate.swift */,
				20057C0F2E155C760088D9C1 /* SceneDelegate.swift */,
			);
			path = App;
			sourceTree = "<group>";
		};
		20B6D5DA2C21B72F0023D51C /* Settings */ = {
			isa = PBXGroup;
			children = (
				6AC982147640002B81F72DEC /* SettingsView.swift */,
				6AC98BC49871655D87C7DEE3 /* SettingsViewModel.swift */,
			);
			path = Settings;
			sourceTree = "<group>";
		};
		20DFA0EA2C21913C00AC2AE7 /* Helpers */ = {
			isa = PBXGroup;
			children = (
				20DFA0EB2C21917100AC2AE7 /* View+TextSelection.swift */,
				205FB4A42C29AF1500FDE64F /* Date+Extensions.swift */,
				20A07F9D2C3D172B001659CD /* String+Extensions.swift */,
			);
			path = Helpers;
			sourceTree = "<group>";
		};
		58C5F1D62B05922100A6080C /* BiometricKYC */ = {
			isa = PBXGroup;
			children = (
				58C5F1D72B05925800A6080C /* BiometricKycWithIdInputScreen.swift */,
				6AC988EEBD0EAB45DC9AC13B /* BiometricKycWithIdInputScreenViewModel.swift */,
				6AC980D3CB9C357AD1B13D80 /* IdInfoInputScreen.swift */,
				6AC987C6B5794E2B1241AA51 /* IdInfoInputViewModel.swift */,
			);
			path = BiometricKYC;
			sourceTree = "<group>";
		};
		607FACC71AFB9204008FA782 = {
			isa = PBXGroup;
			children = (
				607FACF51AFB993E008FA782 /* Podspec Metadata */,
				607FACD21AFB9204008FA782 /* Example */,
				607FACE81AFB9204008FA782 /* Tests */,
				607FACD11AFB9204008FA782 /* Products */,
				828BF541E068101B2E6ED55F /* Pods */,
				DD8F5D8589D1377CD9068C72 /* Frameworks */,
			);
			sourceTree = "<group>";
		};
		607FACD11AFB9204008FA782 /* Products */ = {
			isa = PBXGroup;
			children = (
				607FACD01AFB9204008FA782 /* Smile ID.app */,
				607FACE51AFB9204008FA782 /* SmileID_Tests.xctest */,
			);
			name = Products;
			sourceTree = "<group>";
		};
		607FACD21AFB9204008FA782 /* Example */ = {
			isa = PBXGroup;
			children = (
				20456EC62D425A1D0085F906 /* DocumentVerification */,
				1E60ED332A29C306002695FF /* Constants.swift */,
				6AC9893915EBA33F6984A6D9 /* DocumentSelectorViewModel.swift */,
				6AC9868BCF06ECE5F65DF248 /* DocumentVerificationIdTypeSelector.swift */,
				1ED53F672A2F28590020BEFB /* EnterUserIDView.swift */,
				1EA026BB2B63F3390039B08D /* NetworkMonitor.swift */,
				1ED53F642A2F28590020BEFB /* ResourcesView.swift */,
				6AC984E484EEF69069C705C7 /* SmileConfigEntryView.swift */,
				6AC980584C522B17A099E098 /* Util.swift */,
				6AC982F34F80CAE1AA5569AB /* WelcomeScreen.swift */,
				5829A8BF2BC7429A001C1E7E /* PrivacyInfo.xcprivacy */,
				20B6D5D92C21B6FF0023D51C /* App */,
				58C5F1D62B05922100A6080C /* BiometricKYC */,
				6AC98DDBE27D169AF8DB4B98 /* CodeScanner */,
				20343AFB2C2089AA003536F5 /* Components */,
				624777CC2B0CDC5200952842 /* EnhancedKYC */,
				20DFA0EA2C21913C00AC2AE7 /* Helpers */,
				20B6D5D82C21B6F40023D51C /* Home */,
				20343AF32C207917003536F5 /* Jobs */,
				20343AF02C206C8D003536F5 /* Models */,
				20B6D5D72C21B65B0023D51C /* Resources */,
				20B6D5DA2C21B72F0023D51C /* Settings */,
				607FACD31AFB9204008FA782 /* Supporting Files */,
			);
			name = Example;
			path = SmileID;
			sourceTree = "<group>";
		};
		607FACD31AFB9204008FA782 /* Supporting Files */ = {
			isa = PBXGroup;
			children = (
				607FACDE1AFB9204008FA782 /* LaunchScreen.xib */,
				607FACD91AFB9204008FA782 /* Main.storyboard */,
				607FACD41AFB9204008FA782 /* Info.plist */,
			);
			name = "Supporting Files";
			sourceTree = "<group>";
		};
		607FACE81AFB9204008FA782 /* Tests */ = {
			isa = PBXGroup;
			children = (
				918321E22A52E36A00D6FB7F /* DependencyContainer */,
				918321E52A52E36A00D6FB7F /* Mocks */,
				918321DF2A52E36A00D6FB7F /* Networking */,
				918321E12A52E36A00D6FB7F /* XCTestExtension.swift */,
				607FACE91AFB9204008FA782 /* Supporting Files */,
				585BE4872AC7748E0091DDD8 /* RestartableTimerTest.swift */,
				204C95A02CDA455600A07386 /* FaceValidatorTests.swift */,
			);
			path = Tests;
			sourceTree = "<group>";
		};
		607FACE91AFB9204008FA782 /* Supporting Files */ = {
			isa = PBXGroup;
			children = (
				607FACEA1AFB9204008FA782 /* Info.plist */,
			);
			name = "Supporting Files";
			sourceTree = "<group>";
		};
		607FACF51AFB993E008FA782 /* Podspec Metadata */ = {
			isa = PBXGroup;
			children = (
				9755B6A19CF28DE212F24C83 /* SmileID.podspec */,
				94E7560A47E255DD8215C183 /* README.md */,
				C8CD2E3DB817D8C6334E9240 /* LICENSE */,
			);
			name = "Podspec Metadata";
			sourceTree = "<group>";
		};
		624777CC2B0CDC5200952842 /* EnhancedKYC */ = {
			isa = PBXGroup;
			children = (
				624777CF2B0CDC9F00952842 /* EnhancedKycWithIdInputScreen.swift */,
				62F6766E2B0D173600417419 /* EnhancedKycWithIdInputScreenViewModel.swift */,
				62F676702B0E00E800417419 /* EnhancedKycResultDelegate.swift */,
			);
			path = EnhancedKYC;
			sourceTree = "<group>";
		};
		6AC98DDBE27D169AF8DB4B98 /* CodeScanner */ = {
			isa = PBXGroup;
			children = (
				6AC98436935FFEA40E632182 /* CodeScanner.swift */,
				6AC98BA00298258573CBCBD4 /* ScannerViewController.swift */,
			);
			path = CodeScanner;
			sourceTree = "<group>";
		};
		828BF541E068101B2E6ED55F /* Pods */ = {
			isa = PBXGroup;
			children = (
				C33E410576AADC1679867B4C /* Pods-SmileID_Example.debug.xcconfig */,
				2511EE7AD00A24A8575B4585 /* Pods-SmileID_Example.release.xcconfig */,
				0FA38531DFF4D2422763FB54 /* Pods-SmileID_Tests.debug.xcconfig */,
				5ABEC752F93C2B88E8DED799 /* Pods-SmileID_Tests.release.xcconfig */,
			);
			path = Pods;
			sourceTree = "<group>";
		};
		918321DF2A52E36A00D6FB7F /* Networking */ = {
			isa = PBXGroup;
			children = (
				1E59E33C2BA1E5BF00D2BAD2 /* Model */,
				918321E02A52E36A00D6FB7F /* URLSessionRestServiceClientTests.swift */,
				58C7118B2A69DE920062BBFB /* EnhancedKycTest.swift */,
				91D9FBD42AB8AB4700A8D36B /* CalculateSignatureTests.swift */,
				91D9FBC32AB481FE00A8D36B /* PollingTests.swift */,
			);
			name = Networking;
			path = ../../Tests/Networking;
			sourceTree = "<group>";
		};
		918321E22A52E36A00D6FB7F /* DependencyContainer */ = {
			isa = PBXGroup;
			children = (
				918321E32A52E36A00D6FB7F /* DependencyContainerTests.swift */,
				918321E42A52E36A00D6FB7F /* BaseTestCase.swift */,
			);
			name = DependencyContainer;
			path = ../../Tests/DependencyContainer;
			sourceTree = "<group>";
		};
		918321E52A52E36A00D6FB7F /* Mocks */ = {
			isa = PBXGroup;
			children = (
				918321E62A52E36A00D6FB7F /* NetworkingMocks.swift */,
			);
			name = Mocks;
			path = ../../Tests/Mocks;
			sourceTree = "<group>";
		};
		DD8F5D8589D1377CD9068C72 /* Frameworks */ = {
			isa = PBXGroup;
			children = (
				CB9672F4E61EFD2E0BE586D2 /* Pods_SmileID_Example.framework */,
				FE26CDF1725DB73D242306C4 /* Pods_SmileID_Tests.framework */,
			);
			name = Frameworks;
			sourceTree = "<group>";
		};
/* End PBXGroup section */

/* Begin PBXNativeTarget section */
		607FACCF1AFB9204008FA782 /* SmileID_Example */ = {
			isa = PBXNativeTarget;
			buildConfigurationList = 607FACEF1AFB9204008FA782 /* Build configuration list for PBXNativeTarget "SmileID_Example" */;
			buildPhases = (
				4F4F8C1977AD644055F173A0 /* [CP] Check Pods Manifest.lock */,
				607FACCC1AFB9204008FA782 /* Sources */,
				917D79282AA8024400FA6624 /* SwiftLint */,
				607FACCD1AFB9204008FA782 /* Frameworks */,
				607FACCE1AFB9204008FA782 /* Resources */,
				C0BE335FFECD4DF6892309F3 /* Upload Debug Symbols to Sentry */,
				9075738EC2400F11FD5433CC /* [CP] Embed Pods Frameworks */,
			);
			buildRules = (
			);
			dependencies = (
			);
			name = SmileID_Example;
			productName = SmileID;
			productReference = 607FACD01AFB9204008FA782 /* Smile ID.app */;
			productType = "com.apple.product-type.application";
		};
		607FACE41AFB9204008FA782 /* SmileID_Tests */ = {
			isa = PBXNativeTarget;
			buildConfigurationList = 607FACF21AFB9204008FA782 /* Build configuration list for PBXNativeTarget "SmileID_Tests" */;
			buildPhases = (
				13D97EC2266BF9CC4437873B /* [CP] Check Pods Manifest.lock */,
				607FACE11AFB9204008FA782 /* Sources */,
				607FACE21AFB9204008FA782 /* Frameworks */,
				607FACE31AFB9204008FA782 /* Resources */,
			);
			buildRules = (
			);
			dependencies = (
				607FACE71AFB9204008FA782 /* PBXTargetDependency */,
			);
			name = SmileID_Tests;
			productName = Tests;
			productReference = 607FACE51AFB9204008FA782 /* SmileID_Tests.xctest */;
			productType = "com.apple.product-type.bundle.unit-test";
		};
/* End PBXNativeTarget section */

/* Begin PBXProject section */
		607FACC81AFB9204008FA782 /* Project object */ = {
			isa = PBXProject;
			attributes = {
				LastSwiftUpdateCheck = 830;
				LastUpgradeCheck = 830;
				ORGANIZATIONNAME = CocoaPods;
				TargetAttributes = {
					607FACCF1AFB9204008FA782 = {
						CreatedOnToolsVersion = 6.3.1;
						DevelopmentTeam = 99P7YGX9Q6;
						LastSwiftMigration = 900;
						ProvisioningStyle = Manual;
					};
					607FACE41AFB9204008FA782 = {
						CreatedOnToolsVersion = 6.3.1;
						DevelopmentTeam = 99P7YGX9Q6;
						LastSwiftMigration = 1430;
						ProvisioningStyle = Manual;
						TestTargetID = 607FACCF1AFB9204008FA782;
					};
				};
			};
			buildConfigurationList = 607FACCB1AFB9204008FA782 /* Build configuration list for PBXProject "SmileID" */;
			compatibilityVersion = "Xcode 3.2";
			developmentRegion = English;
			hasScannedForEncodings = 0;
			knownRegions = (
				English,
				en,
				Base,
			);
			mainGroup = 607FACC71AFB9204008FA782;
			productRefGroup = 607FACD11AFB9204008FA782 /* Products */;
			projectDirPath = "";
			projectRoot = "";
			targets = (
				607FACCF1AFB9204008FA782 /* SmileID_Example */,
				607FACE41AFB9204008FA782 /* SmileID_Tests */,
			);
		};
/* End PBXProject section */

/* Begin PBXResourcesBuildPhase section */
		607FACCE1AFB9204008FA782 /* Resources */ = {
			isa = PBXResourcesBuildPhase;
			buildActionMask = 2147483647;
			files = (
				1EFAB3172A375265008E3C13 /* Images.xcassets in Resources */,
				620F1E9A2B691ABB00185CD2 /* BuildFile in Resources */,
				607FACDB1AFB9204008FA782 /* Main.storyboard in Resources */,
				5829A8C02BC7429A001C1E7E /* PrivacyInfo.xcprivacy in Resources */,
				607FACE01AFB9204008FA782 /* LaunchScreen.xib in Resources */,
			);
			runOnlyForDeploymentPostprocessing = 0;
		};
		607FACE31AFB9204008FA782 /* Resources */ = {
			isa = PBXResourcesBuildPhase;
			buildActionMask = 2147483647;
			files = (
			);
			runOnlyForDeploymentPostprocessing = 0;
		};
/* End PBXResourcesBuildPhase section */

/* Begin PBXShellScriptBuildPhase section */
		13D97EC2266BF9CC4437873B /* [CP] Check Pods Manifest.lock */ = {
			isa = PBXShellScriptBuildPhase;
			buildActionMask = 2147483647;
			files = (
			);
			inputFileListPaths = (
			);
			inputPaths = (
				"${PODS_PODFILE_DIR_PATH}/Podfile.lock",
				"${PODS_ROOT}/Manifest.lock",
			);
			name = "[CP] Check Pods Manifest.lock";
			outputFileListPaths = (
			);
			outputPaths = (
				"$(DERIVED_FILE_DIR)/Pods-SmileID_Tests-checkManifestLockResult.txt",
			);
			runOnlyForDeploymentPostprocessing = 0;
			shellPath = /bin/sh;
			shellScript = "diff \"${PODS_PODFILE_DIR_PATH}/Podfile.lock\" \"${PODS_ROOT}/Manifest.lock\" > /dev/null\nif [ $? != 0 ] ; then\n    # print error to STDERR\n    echo \"error: The sandbox is not in sync with the Podfile.lock. Run 'pod install' or update your CocoaPods installation.\" >&2\n    exit 1\nfi\n# This output is used by Xcode 'outputs' to avoid re-running this script phase.\necho \"SUCCESS\" > \"${SCRIPT_OUTPUT_FILE_0}\"\n";
			showEnvVarsInLog = 0;
		};
		4F4F8C1977AD644055F173A0 /* [CP] Check Pods Manifest.lock */ = {
			isa = PBXShellScriptBuildPhase;
			buildActionMask = 2147483647;
			files = (
			);
			inputFileListPaths = (
			);
			inputPaths = (
				"${PODS_PODFILE_DIR_PATH}/Podfile.lock",
				"${PODS_ROOT}/Manifest.lock",
			);
			name = "[CP] Check Pods Manifest.lock";
			outputFileListPaths = (
			);
			outputPaths = (
				"$(DERIVED_FILE_DIR)/Pods-SmileID_Example-checkManifestLockResult.txt",
			);
			runOnlyForDeploymentPostprocessing = 0;
			shellPath = /bin/sh;
			shellScript = "diff \"${PODS_PODFILE_DIR_PATH}/Podfile.lock\" \"${PODS_ROOT}/Manifest.lock\" > /dev/null\nif [ $? != 0 ] ; then\n    # print error to STDERR\n    echo \"error: The sandbox is not in sync with the Podfile.lock. Run 'pod install' or update your CocoaPods installation.\" >&2\n    exit 1\nfi\n# This output is used by Xcode 'outputs' to avoid re-running this script phase.\necho \"SUCCESS\" > \"${SCRIPT_OUTPUT_FILE_0}\"\n";
			showEnvVarsInLog = 0;
		};
		9075738EC2400F11FD5433CC /* [CP] Embed Pods Frameworks */ = {
			isa = PBXShellScriptBuildPhase;
			buildActionMask = 2147483647;
			files = (
			);
			inputPaths = (
				"${PODS_ROOT}/Target Support Files/Pods-SmileID_Example/Pods-SmileID_Example-frameworks.sh",
				"${BUILT_PRODUCTS_DIR}/FingerprintJS/FingerprintJS.framework",
				"${BUILT_PRODUCTS_DIR}/Sentry/Sentry.framework",
				"${BUILT_PRODUCTS_DIR}/SmileID/SmileID.framework",
				"${BUILT_PRODUCTS_DIR}/ZIPFoundation/ZIPFoundation.framework",
				"${BUILT_PRODUCTS_DIR}/lottie-ios/Lottie.framework",
				"${BUILT_PRODUCTS_DIR}/netfox/netfox.framework",
				"${PODS_XCFRAMEWORKS_BUILD_DIR}/SmileIDSecurity/SmileIDSecurity.framework/SmileIDSecurity",
			);
			name = "[CP] Embed Pods Frameworks";
			outputPaths = (
				"${TARGET_BUILD_DIR}/${FRAMEWORKS_FOLDER_PATH}/FingerprintJS.framework",
				"${TARGET_BUILD_DIR}/${FRAMEWORKS_FOLDER_PATH}/Sentry.framework",
				"${TARGET_BUILD_DIR}/${FRAMEWORKS_FOLDER_PATH}/SmileID.framework",
				"${TARGET_BUILD_DIR}/${FRAMEWORKS_FOLDER_PATH}/ZIPFoundation.framework",
				"${TARGET_BUILD_DIR}/${FRAMEWORKS_FOLDER_PATH}/Lottie.framework",
				"${TARGET_BUILD_DIR}/${FRAMEWORKS_FOLDER_PATH}/netfox.framework",
				"${TARGET_BUILD_DIR}/${FRAMEWORKS_FOLDER_PATH}/SmileIDSecurity.framework",
			);
			runOnlyForDeploymentPostprocessing = 0;
			shellPath = /bin/sh;
			shellScript = "\"${PODS_ROOT}/Target Support Files/Pods-SmileID_Example/Pods-SmileID_Example-frameworks.sh\"\n";
			showEnvVarsInLog = 0;
		};
		917D79282AA8024400FA6624 /* SwiftLint */ = {
			isa = PBXShellScriptBuildPhase;
			buildActionMask = 2147483647;
			files = (
			);
			inputFileListPaths = (
			);
			inputPaths = (
			);
			name = SwiftLint;
			outputFileListPaths = (
			);
			outputPaths = (
			);
			runOnlyForDeploymentPostprocessing = 0;
			shellPath = /bin/sh;
			shellScript = "# Type a script or drag a script file from your workspace to insert its path.\ncd ../Sources\n\"${PODS_ROOT}/SwiftLint/swiftlint\"\n";
		};
		C0BE335FFECD4DF6892309F3 /* Upload Debug Symbols to Sentry */ = {
			isa = PBXShellScriptBuildPhase;
			buildActionMask = 2147483647;
			files = (
			);
			inputPaths = (
				"${DWARF_DSYM_FOLDER_PATH}/${DWARF_DSYM_FILE_NAME}/Contents/Resources/DWARF/${TARGET_NAME}",
			);
			name = "Upload Debug Symbols to Sentry";
			outputPaths = (
			);
			runOnlyForDeploymentPostprocessing = 1;
			shellPath = /bin/sh;
			shellScript = "# This script is responsable to upload debug symbols and source context for Sentry.\nif which sentry-cli >/dev/null; then\nexport SENTRY_ORG=smile-identity\nexport SENTRY_PROJECT=ios\nERROR=$(sentry-cli debug-files upload --include-sources \"$DWARF_DSYM_FOLDER_PATH\" 2>&1 >/dev/null)\nif [ ! $? -eq 0 ]; then\necho \"warning: sentry-cli - $ERROR\"\nfi\nelse\necho \"warning: sentry-cli not installed, download from https://github.com/getsentry/sentry-cli/releases\"\nfi\n";
		};
/* End PBXShellScriptBuildPhase section */

/* Begin PBXSourcesBuildPhase section */
		607FACCC1AFB9204008FA782 /* Sources */ = {
			isa = PBXSourcesBuildPhase;
			buildActionMask = 2147483647;
			files = (
				208972102C26253E00D07D68 /* JobsViewModel.swift in Sources */,
				1ECAE3872A2F69CD00653FCA /* ToastView.swift in Sources */,
				20456ECA2D425A680085F906 /* DocumentVerificationView.swift in Sources */,
				1ED53F722A2F28590020BEFB /* SmileEnvironmentToggleButton.swift in Sources */,
				1ED53F6C2A2F28590020BEFB /* RootView.swift in Sources */,
				20343AFA2C2086D3003536F5 /* EmptyStateView.swift in Sources */,
				1EA026BC2B63F3390039B08D /* NetworkMonitor.swift in Sources */,
				20A5312C2D47ACC100EE0E42 /* SmileIDProduct.swift in Sources */,
				20B6D5EC2C21CE660023D51C /* DataStoreError.swift in Sources */,
				1ED53F6E2A2F28590020BEFB /* ResourcesView.swift in Sources */,
				620F1E982B69194900185CD2 /* AlertView.swift in Sources */,
				20F3D6F62C25F5C100B32751 /* SmileID.xcdatamodeld in Sources */,
				1ED53F6A2A2F28590020BEFB /* HomeViewModel.swift in Sources */,
				1E60ED372A29C306002695FF /* HomeViewController.swift in Sources */,
				1E60ED3A2A29C306002695FF /* AppDelegate.swift in Sources */,
				1ED53F6D2A2F28590020BEFB /* SmileTextField.swift in Sources */,
				91CB21A52AC10C61005AEBF5 /* NavigationBar.swift in Sources */,
				1ED53F6B2A2F28590020BEFB /* ProductCell.swift in Sources */,
				20F3D6F32C25F4D700B32751 /* BuildFile in Sources */,
				1E60ED382A29C306002695FF /* Constants.swift in Sources */,
				624777D02B0CDC9F00952842 /* EnhancedKycWithIdInputScreen.swift in Sources */,
				1ED53F712A2F28590020BEFB /* EnterUserIDView.swift in Sources */,
				20456ECE2D425BB80085F906 /* EnhancedDocumentVerificationWithSelector.swift in Sources */,
				58C5F1D82B05925800A6080C /* BiometricKycWithIdInputScreen.swift in Sources */,
				1ED53F732A2F28590020BEFB /* HomeView.swift in Sources */,
				1E60ED3B2A29C306002695FF /* CopyableLabel.swift in Sources */,
				6AC98C0E9305B4B3EB66ED35 /* Util.swift in Sources */,
				62F6766F2B0D173600417419 /* EnhancedKycWithIdInputScreenViewModel.swift in Sources */,
				20B6D5EA2C21CA9E0023D51C /* CoreDataManager.swift in Sources */,
				20343AF22C206CEC003536F5 /* JobData.swift in Sources */,
				205FB4A72C2C32A500FDE64F /* JobItemModel.swift in Sources */,
				6AC9870BB28E40FCACC75947 /* DocumentVerificationIdTypeSelector.swift in Sources */,
				20C360C82C454C130008DBDE /* RootViewModel.swift in Sources */,
				205FB4A52C29AF1500FDE64F /* Date+Extensions.swift in Sources */,
				6AC98F5682012E19C815AE70 /* DocumentSelectorViewModel.swift in Sources */,
				6AC983F056A8F9088D6CF3F7 /* SettingsView.swift in Sources */,
				20A07F9E2C3D172B001659CD /* String+Extensions.swift in Sources */,
				20456EC82D425A3C0085F906 /* DocumentVerificationDetails.swift in Sources */,
				20456ECC2D425B270085F906 /* DocumentVerificationWithSelector.swift in Sources */,
				6AC98990097662789B0107EB /* SettingsViewModel.swift in Sources */,
				20057C102E155C760088D9C1 /* SceneDelegate.swift in Sources */,
				6AC98B6FFA753C5463F7216F /* SmileConfigEntryView.swift in Sources */,
				20969FE52C3FEB530003E5E0 /* IndeterminateProgressView.swift in Sources */,
				62F676712B0E00E800417419 /* EnhancedKycResultDelegate.swift in Sources */,
				20B6D5E32C21C3C90023D51C /* Job.swift in Sources */,
				6AC98856053013D0E8ABB188 /* WelcomeScreen.swift in Sources */,
				6AC9802B9D1A630961B5454B /* CodeScanner.swift in Sources */,
				6AC984526F49F4E8F52C7494 /* ScannerViewController.swift in Sources */,
				6AC98976E04EBF5C45A2E857 /* BiometricKycWithIdInputScreenViewModel.swift in Sources */,
				20343AED2C1C825D003536F5 /* JobsView.swift in Sources */,
				20DFA0EC2C21917100AC2AE7 /* View+TextSelection.swift in Sources */,
				6AC9886EEE4DE8AE1A31896A /* IdInfoInputScreen.swift in Sources */,
				6AC984F8CA1753050C98F14B /* IdInfoInputViewModel.swift in Sources */,
				2089720E2C2624EE00D07D68 /* DataStoreClient.swift in Sources */,
				20343AEF2C206BDF003536F5 /* JobListItem.swift in Sources */,
			);
			runOnlyForDeploymentPostprocessing = 0;
		};
		607FACE11AFB9204008FA782 /* Sources */ = {
			isa = PBXSourcesBuildPhase;
			buildActionMask = 2147483647;
			files = (
				918321EE2A52E36A00D6FB7F /* NetworkingMocks.swift in Sources */,
				91D9FBC42AB481FE00A8D36B /* PollingTests.swift in Sources */,
				918321ED2A52E36A00D6FB7F /* BaseTestCase.swift in Sources */,
				918321EB2A52E36A00D6FB7F /* XCTestExtension.swift in Sources */,
				1E59E33E2BA1E64C00D2BAD2 /* PartnerParamsTests.swift in Sources */,
				91D9FBD52AB8AB4700A8D36B /* CalculateSignatureTests.swift in Sources */,
				585BE4882AC7748E0091DDD8 /* RestartableTimerTest.swift in Sources */,
				58C7118C2A69DE920062BBFB /* EnhancedKycTest.swift in Sources */,
				918321EC2A52E36A00D6FB7F /* DependencyContainerTests.swift in Sources */,
				204C95A12CDA455600A07386 /* FaceValidatorTests.swift in Sources */,
				918321EA2A52E36A00D6FB7F /* URLSessionRestServiceClientTests.swift in Sources */,
			);
			runOnlyForDeploymentPostprocessing = 0;
		};
/* End PBXSourcesBuildPhase section */

/* Begin PBXTargetDependency section */
		607FACE71AFB9204008FA782 /* PBXTargetDependency */ = {
			isa = PBXTargetDependency;
			target = 607FACCF1AFB9204008FA782 /* SmileID_Example */;
			targetProxy = 607FACE61AFB9204008FA782 /* PBXContainerItemProxy */;
		};
/* End PBXTargetDependency section */

/* Begin PBXVariantGroup section */
		607FACD91AFB9204008FA782 /* Main.storyboard */ = {
			isa = PBXVariantGroup;
			children = (
				607FACDA1AFB9204008FA782 /* Base */,
			);
			name = Main.storyboard;
			sourceTree = "<group>";
		};
		607FACDE1AFB9204008FA782 /* LaunchScreen.xib */ = {
			isa = PBXVariantGroup;
			children = (
				607FACDF1AFB9204008FA782 /* Base */,
			);
			name = LaunchScreen.xib;
			sourceTree = "<group>";
		};
/* End PBXVariantGroup section */

/* Begin XCBuildConfiguration section */
		607FACED1AFB9204008FA782 /* Debug */ = {
			isa = XCBuildConfiguration;
			buildSettings = {
				ALWAYS_SEARCH_USER_PATHS = NO;
				CLANG_CXX_LANGUAGE_STANDARD = "gnu++0x";
				CLANG_CXX_LIBRARY = "libc++";
				CLANG_ENABLE_MODULES = YES;
				CLANG_ENABLE_OBJC_ARC = YES;
				CLANG_WARN_BLOCK_CAPTURE_AUTORELEASING = YES;
				CLANG_WARN_BOOL_CONVERSION = YES;
				CLANG_WARN_COMMA = YES;
				CLANG_WARN_CONSTANT_CONVERSION = YES;
				CLANG_WARN_DIRECT_OBJC_ISA_USAGE = YES_ERROR;
				CLANG_WARN_EMPTY_BODY = YES;
				CLANG_WARN_ENUM_CONVERSION = YES;
				CLANG_WARN_INFINITE_RECURSION = YES;
				CLANG_WARN_INT_CONVERSION = YES;
				CLANG_WARN_NON_LITERAL_NULL_CONVERSION = YES;
				CLANG_WARN_OBJC_LITERAL_CONVERSION = YES;
				CLANG_WARN_OBJC_ROOT_CLASS = YES_ERROR;
				CLANG_WARN_RANGE_LOOP_ANALYSIS = YES;
				CLANG_WARN_STRICT_PROTOTYPES = YES;
				CLANG_WARN_SUSPICIOUS_MOVE = YES;
				CLANG_WARN_UNREACHABLE_CODE = YES;
				CLANG_WARN__DUPLICATE_METHOD_MATCH = YES;
				"CODE_SIGN_IDENTITY[sdk=iphoneos*]" = "iPhone Developer";
				COPY_PHASE_STRIP = NO;
				DEBUG_INFORMATION_FORMAT = "dwarf-with-dsym";
				ENABLE_STRICT_OBJC_MSGSEND = YES;
				ENABLE_TESTABILITY = YES;
				GCC_C_LANGUAGE_STANDARD = gnu99;
				GCC_DYNAMIC_NO_PIC = NO;
				GCC_NO_COMMON_BLOCKS = YES;
				GCC_OPTIMIZATION_LEVEL = 0;
				GCC_PREPROCESSOR_DEFINITIONS = (
					"DEBUG=1",
					"$(inherited)",
				);
				GCC_SYMBOLS_PRIVATE_EXTERN = NO;
				GCC_WARN_64_TO_32_BIT_CONVERSION = YES;
				GCC_WARN_ABOUT_RETURN_TYPE = YES_ERROR;
				GCC_WARN_UNDECLARED_SELECTOR = YES;
				GCC_WARN_UNINITIALIZED_AUTOS = YES_AGGRESSIVE;
				GCC_WARN_UNUSED_FUNCTION = YES;
				GCC_WARN_UNUSED_VARIABLE = YES;
				IPHONEOS_DEPLOYMENT_TARGET = 14.0;
				MTL_ENABLE_DEBUG_INFO = YES;
				ONLY_ACTIVE_ARCH = YES;
				SDKROOT = iphoneos;
				SWIFT_OPTIMIZATION_LEVEL = "-Onone";
				SWIFT_VERSION = 5.0;
			};
			name = Debug;
		};
		607FACEE1AFB9204008FA782 /* Release */ = {
			isa = XCBuildConfiguration;
			buildSettings = {
				ALWAYS_SEARCH_USER_PATHS = NO;
				CLANG_CXX_LANGUAGE_STANDARD = "gnu++0x";
				CLANG_CXX_LIBRARY = "libc++";
				CLANG_ENABLE_MODULES = YES;
				CLANG_ENABLE_OBJC_ARC = YES;
				CLANG_WARN_BLOCK_CAPTURE_AUTORELEASING = YES;
				CLANG_WARN_BOOL_CONVERSION = YES;
				CLANG_WARN_COMMA = YES;
				CLANG_WARN_CONSTANT_CONVERSION = YES;
				CLANG_WARN_DIRECT_OBJC_ISA_USAGE = YES_ERROR;
				CLANG_WARN_EMPTY_BODY = YES;
				CLANG_WARN_ENUM_CONVERSION = YES;
				CLANG_WARN_INFINITE_RECURSION = YES;
				CLANG_WARN_INT_CONVERSION = YES;
				CLANG_WARN_NON_LITERAL_NULL_CONVERSION = YES;
				CLANG_WARN_OBJC_LITERAL_CONVERSION = YES;
				CLANG_WARN_OBJC_ROOT_CLASS = YES_ERROR;
				CLANG_WARN_RANGE_LOOP_ANALYSIS = YES;
				CLANG_WARN_STRICT_PROTOTYPES = YES;
				CLANG_WARN_SUSPICIOUS_MOVE = YES;
				CLANG_WARN_UNREACHABLE_CODE = YES;
				CLANG_WARN__DUPLICATE_METHOD_MATCH = YES;
				"CODE_SIGN_IDENTITY[sdk=iphoneos*]" = "iPhone Developer";
				COPY_PHASE_STRIP = NO;
				DEBUG_INFORMATION_FORMAT = "dwarf-with-dsym";
				ENABLE_NS_ASSERTIONS = NO;
				ENABLE_STRICT_OBJC_MSGSEND = YES;
				GCC_C_LANGUAGE_STANDARD = gnu99;
				GCC_NO_COMMON_BLOCKS = YES;
				GCC_WARN_64_TO_32_BIT_CONVERSION = YES;
				GCC_WARN_ABOUT_RETURN_TYPE = YES_ERROR;
				GCC_WARN_UNDECLARED_SELECTOR = YES;
				GCC_WARN_UNINITIALIZED_AUTOS = YES_AGGRESSIVE;
				GCC_WARN_UNUSED_FUNCTION = YES;
				GCC_WARN_UNUSED_VARIABLE = YES;
				IPHONEOS_DEPLOYMENT_TARGET = 14.0;
				MTL_ENABLE_DEBUG_INFO = NO;
				SDKROOT = iphoneos;
				SWIFT_OPTIMIZATION_LEVEL = "-Owholemodule";
				SWIFT_VERSION = 5.0;
				VALIDATE_PRODUCT = YES;
			};
			name = Release;
		};
		607FACF01AFB9204008FA782 /* Debug */ = {
			isa = XCBuildConfiguration;
			baseConfigurationReference = C33E410576AADC1679867B4C /* Pods-SmileID_Example.debug.xcconfig */;
			buildSettings = {
				ASSETCATALOG_COMPILER_APPICON_NAME = AppIcon;
				CODE_SIGN_IDENTITY = "Apple Development";
				"CODE_SIGN_IDENTITY[sdk=iphoneos*]" = "Apple Development";
				CODE_SIGN_STYLE = Manual;
				CURRENT_PROJECT_VERSION = 45;
				DEBUG_INFORMATION_FORMAT = "dwarf-with-dsym";
				DEVELOPMENT_TEAM = "";
				"DEVELOPMENT_TEAM[sdk=iphoneos*]" = 99P7YGX9Q6;
				ENABLE_SENTRY = NO;
				INFOPLIST_FILE = SmileID/Info.plist;
				INFOPLIST_KEY_CFBundleDisplayName = "Smile ID";
				INFOPLIST_KEY_LSApplicationCategoryType = "public.app-category.developer-tools";
				IPHONEOS_DEPLOYMENT_TARGET = 14.0;
				LD_RUNPATH_SEARCH_PATHS = "$(inherited) @executable_path/Frameworks";
				MARKETING_VERSION = 1.5.0;
				MODULE_NAME = ExampleApp;
				PRODUCT_BUNDLE_IDENTIFIER = "com.smileidentity.example-ios";
				PRODUCT_NAME = "Smile ID";
				PROVISIONING_PROFILE_SPECIFIER = "";
				"PROVISIONING_PROFILE_SPECIFIER[sdk=iphoneos*]" = "match Development com.smileidentity.example-ios";
				SUPPORTED_PLATFORMS = "iphoneos iphonesimulator";
				SUPPORTS_MACCATALYST = NO;
				SWIFT_ACTIVE_COMPILATION_CONDITIONS = DEBUG;
				SWIFT_SWIFT3_OBJC_INFERENCE = Default;
				SWIFT_VERSION = 5.0;
				TARGETED_DEVICE_FAMILY = "1,2";
			};
			name = Debug;
		};
		607FACF11AFB9204008FA782 /* Release */ = {
			isa = XCBuildConfiguration;
			baseConfigurationReference = 2511EE7AD00A24A8575B4585 /* Pods-SmileID_Example.release.xcconfig */;
			buildSettings = {
				ASSETCATALOG_COMPILER_APPICON_NAME = AppIcon;
				CODE_SIGN_IDENTITY = "Apple Distribution";
				"CODE_SIGN_IDENTITY[sdk=iphoneos*]" = "iPhone Distribution";
				CODE_SIGN_STYLE = Manual;
				CURRENT_PROJECT_VERSION = 45;
				DEBUG_INFORMATION_FORMAT = "dwarf-with-dsym";
				DEVELOPMENT_TEAM = "";
				"DEVELOPMENT_TEAM[sdk=iphoneos*]" = 99P7YGX9Q6;
				ENABLE_SENTRY = YES;
				INFOPLIST_FILE = SmileID/Info.plist;
				INFOPLIST_KEY_CFBundleDisplayName = "Smile ID";
				INFOPLIST_KEY_LSApplicationCategoryType = "public.app-category.developer-tools";
				IPHONEOS_DEPLOYMENT_TARGET = 14.0;
				LD_RUNPATH_SEARCH_PATHS = "$(inherited) @executable_path/Frameworks";
				MARKETING_VERSION = 1.5.0;
				MODULE_NAME = ExampleApp;
				PRODUCT_BUNDLE_IDENTIFIER = "com.smileidentity.example-ios";
				PRODUCT_NAME = "Smile ID";
				PROVISIONING_PROFILE_SPECIFIER = "";
				"PROVISIONING_PROFILE_SPECIFIER[sdk=iphoneos*]" = "match AppStore com.smileidentity.example-ios";
				SUPPORTED_PLATFORMS = "iphoneos iphonesimulator";
				SUPPORTS_MACCATALYST = NO;
				SWIFT_SWIFT3_OBJC_INFERENCE = Default;
				SWIFT_VERSION = 5.0;
				TARGETED_DEVICE_FAMILY = "1,2";
			};
			name = Release;
		};
		607FACF31AFB9204008FA782 /* Debug */ = {
			isa = XCBuildConfiguration;
			baseConfigurationReference = 0FA38531DFF4D2422763FB54 /* Pods-SmileID_Tests.debug.xcconfig */;
			buildSettings = {
				CLANG_ENABLE_MODULES = YES;
				CODE_SIGN_IDENTITY = "Apple Development";
				"CODE_SIGN_IDENTITY[sdk=iphoneos*]" = "Apple Development";
				CODE_SIGN_STYLE = Manual;
				DEVELOPMENT_TEAM = "";
				"DEVELOPMENT_TEAM[sdk=iphoneos*]" = 99P7YGX9Q6;
				"DEVELOPMENT_TEAM[sdk=macosx*]" = 99P7YGX9Q6;
				FRAMEWORK_SEARCH_PATHS = (
					"$(PLATFORM_DIR)/Developer/Library/Frameworks",
					"$(inherited)",
				);
				GCC_PREPROCESSOR_DEFINITIONS = (
					"DEBUG=1",
					"$(inherited)",
				);
				INFOPLIST_FILE = Tests/Info.plist;
				IPHONEOS_DEPLOYMENT_TARGET = 14.0;
				LD_RUNPATH_SEARCH_PATHS = "$(inherited) @executable_path/Frameworks @loader_path/Frameworks";
				PRODUCT_BUNDLE_IDENTIFIER = "com.smileidentity.example-ios";
				PRODUCT_NAME = "$(TARGET_NAME)";
				PROVISIONING_PROFILE_SPECIFIER = "";
				"PROVISIONING_PROFILE_SPECIFIER[sdk=iphoneos*]" = "match Development com.smileidentity.example-ios";
				SWIFT_OPTIMIZATION_LEVEL = "-Onone";
				SWIFT_SWIFT3_OBJC_INFERENCE = Default;
				SWIFT_VERSION = 5.0;
				TEST_HOST = "$(BUILT_PRODUCTS_DIR)/Smile ID.app/$(BUNDLE_EXECUTABLE_FOLDER_PATH)/Smile ID";
			};
			name = Debug;
		};
		607FACF41AFB9204008FA782 /* Release */ = {
			isa = XCBuildConfiguration;
			baseConfigurationReference = 5ABEC752F93C2B88E8DED799 /* Pods-SmileID_Tests.release.xcconfig */;
			buildSettings = {
				CLANG_ENABLE_MODULES = YES;
				CODE_SIGN_IDENTITY = "Apple Distribution";
				"CODE_SIGN_IDENTITY[sdk=iphoneos*]" = "iPhone Distribution";
				CODE_SIGN_STYLE = Manual;
				DEVELOPMENT_TEAM = "";
				"DEVELOPMENT_TEAM[sdk=iphoneos*]" = 99P7YGX9Q6;
				"DEVELOPMENT_TEAM[sdk=macosx*]" = 99P7YGX9Q6;
				FRAMEWORK_SEARCH_PATHS = (
					"$(PLATFORM_DIR)/Developer/Library/Frameworks",
					"$(inherited)",
				);
				INFOPLIST_FILE = Tests/Info.plist;
				IPHONEOS_DEPLOYMENT_TARGET = 14.0;
				LD_RUNPATH_SEARCH_PATHS = "$(inherited) @executable_path/Frameworks @loader_path/Frameworks";
				PRODUCT_BUNDLE_IDENTIFIER = "com.smileidentity.example-ios";
				PRODUCT_NAME = "$(TARGET_NAME)";
				PROVISIONING_PROFILE_SPECIFIER = "";
				"PROVISIONING_PROFILE_SPECIFIER[sdk=iphoneos*]" = "match AppStore com.smileidentity.example-ios";
				SWIFT_SWIFT3_OBJC_INFERENCE = Default;
				SWIFT_VERSION = 5.0;
				TEST_HOST = "$(BUILT_PRODUCTS_DIR)/Smile ID.app/$(BUNDLE_EXECUTABLE_FOLDER_PATH)/Smile ID";
			};
			name = Release;
		};
/* End XCBuildConfiguration section */

/* Begin XCConfigurationList section */
		607FACCB1AFB9204008FA782 /* Build configuration list for PBXProject "SmileID" */ = {
			isa = XCConfigurationList;
			buildConfigurations = (
				607FACED1AFB9204008FA782 /* Debug */,
				607FACEE1AFB9204008FA782 /* Release */,
			);
			defaultConfigurationIsVisible = 0;
			defaultConfigurationName = Release;
		};
		607FACEF1AFB9204008FA782 /* Build configuration list for PBXNativeTarget "SmileID_Example" */ = {
			isa = XCConfigurationList;
			buildConfigurations = (
				607FACF01AFB9204008FA782 /* Debug */,
				607FACF11AFB9204008FA782 /* Release */,
			);
			defaultConfigurationIsVisible = 0;
			defaultConfigurationName = Release;
		};
		607FACF21AFB9204008FA782 /* Build configuration list for PBXNativeTarget "SmileID_Tests" */ = {
			isa = XCConfigurationList;
			buildConfigurations = (
				607FACF31AFB9204008FA782 /* Debug */,
				607FACF41AFB9204008FA782 /* Release */,
			);
			defaultConfigurationIsVisible = 0;
			defaultConfigurationName = Release;
		};
/* End XCConfigurationList section */

/* Begin XCVersionGroup section */
		20F3D6F42C25F5C100B32751 /* SmileID.xcdatamodeld */ = {
			isa = XCVersionGroup;
			children = (
				20F3D6F52C25F5C100B32751 /* SmileID.xcdatamodel */,
			);
			currentVersion = 20F3D6F52C25F5C100B32751 /* SmileID.xcdatamodel */;
			path = SmileID.xcdatamodeld;
			sourceTree = "<group>";
			versionGroupType = wrapper.xcdatamodel;
		};
/* End XCVersionGroup section */
	};
	rootObject = 607FACC81AFB9204008FA782 /* Project object */;
}
